
Microsoft Visual Studio Solution File, Format Version 12.00
# Visual Studio Version 17
VisualStudioVersion = 17.10.35013.160
MinimumVisualStudioVersion = 10.0.40219.1
Project("{FAE04EC0-301F-11D3-BF4B-00C04F79EFBC}") = "VERIFICADOR_SENHA", "VERIFICADOR_SENHA\VERIFICADOR_SENHA.csproj", "{970A52DD-3A10-4EA7-AA74-B4EF2725EFAD}"
EndProject
Global
	GlobalSection(SolutionConfigurationPlatforms) = preSolution
		Debug|Any CPU = Debug|Any CPU
		Release|Any CPU = Release|Any CPU
	EndGlobalSection
	GlobalSection(ProjectConfigurationPlatforms) = postSolution
		{970A52DD-3A10-4EA7-AA74-B4EF2725EFAD}.Debug|Any CPU.ActiveCfg = Debug|Any CPU
		{970A52DD-3A10-4EA7-AA74-B4EF2725EFAD}.Debug|Any CPU.Build.0 = Debug|Any CPU
		{970A52DD-3A10-4EA7-AA74-B4EF2725EFAD}.Release|Any CPU.ActiveCfg = Release|Any CPU
		{970A52DD-3A10-4EA7-AA74-B4EF2725EFAD}.Release|Any CPU.Build.0 = Release|Any CPU
	EndGlobalSection
	GlobalSection(SolutionProperties) = preSolution
		HideSolutionNode = FALSE
	EndGlobalSection
	GlobalSection(ExtensibilityGlobals) = postSolution
		SolutionGuid = {1E876038-5B84-4FCF-A85B-C151C11E5C06}
	EndGlobalSection
EndGlobal
